
Microsoft Visual Studio Solution File, Format Version 12.00
# Visual Studio Version 17
VisualStudioVersion = 17.0.31903.59
MinimumVisualStudioVersion = 10.0.40219.1
Project("{2150E333-8FDC-42A3-9474-1A3956D46DE8}") = "src", "src", "{B92F7CDE-0861-4833-8EED-8C2951088A75}"
EndProject
Project("{FAE04EC0-301F-11D3-BF4B-00C04F79EFBC}") = "Jarvis", "src\Jarvis\Jarvis.csproj", "{3743F6B4-D098-496B-827A-48B2A3AFA4FC}"
EndProject
Global
	GlobalSection(SolutionConfigurationPlatforms) = preSolution
		Debug|Any CPU = Debug|Any CPU
		Release|Any CPU = Release|Any CPU
	EndGlobalSection
	GlobalSection(SolutionProperties) = preSolution
		HideSolutionNode = FALSE
	EndGlobalSection
	GlobalSection(ProjectConfigurationPlatforms) = postSolution
		{3743F6B4-D098-496B-827A-48B2A3AFA4FC}.Debug|Any CPU.ActiveCfg = Debug|Any CPU
		{3743F6B4-D098-496B-827A-48B2A3AFA4FC}.Debug|Any CPU.Build.0 = Debug|Any CPU
		{3743F6B4-D098-496B-827A-48B2A3AFA4FC}.Release|Any CPU.ActiveCfg = Release|Any CPU
		{3743F6B4-D098-496B-827A-48B2A3AFA4FC}.Release|Any CPU.Build.0 = Release|Any CPU
	EndGlobalSection
	GlobalSection(NestedProjects) = preSolution
		{3743F6B4-D098-496B-827A-48B2A3AFA4FC} = {B92F7CDE-0861-4833-8EED-8C2951088A75}
	EndGlobalSection
EndGlobal
